
Microsoft Visual Studio Solution File, Format Version 12.00
# Visual Studio Version 16
VisualStudioVersion = 16.0.31424.327
MinimumVisualStudioVersion = 10.0.40219.1
Project("{FAE04EC0-301F-11D3-BF4B-00C04F79EFBC}") = "Del4", "Del4.csproj", "{B55C05B2-F384-4F80-9710-2A73CACFADA4}"
EndProject
Global
	GlobalSection(SolutionConfigurationPlatforms) = preSolution
		Debug|Any CPU = Debug|Any CPU
		Release|Any CPU = Release|Any CPU
	EndGlobalSection
	GlobalSection(ProjectConfigurationPlatforms) = postSolution
		{B55C05B2-F384-4F80-9710-2A73CACFADA4}.Debug|Any CPU.ActiveCfg = Debug|Any CPU
		{B55C05B2-F384-4F80-9710-2A73CACFADA4}.Debug|Any CPU.Build.0 = Debug|Any CPU
		{B55C05B2-F384-4F80-9710-2A73CACFADA4}.Release|Any CPU.ActiveCfg = Release|Any CPU
		{B55C05B2-F384-4F80-9710-2A73CACFADA4}.Release|Any CPU.Build.0 = Release|Any CPU
	EndGlobalSection
	GlobalSection(SolutionProperties) = preSolution
		HideSolutionNode = FALSE
	EndGlobalSection
	GlobalSection(ExtensibilityGlobals) = postSolution
		SolutionGuid = {469ADC56-FE45-499F-81A5-39971464FD58}
	EndGlobalSection
EndGlobal
