
Microsoft Visual Studio Solution File, Format Version 12.00
# Visual Studio Version 16
VisualStudioVersion = 16.0.31424.327
MinimumVisualStudioVersion = 10.0.40219.1
Project("{FAE04EC0-301F-11D3-BF4B-00C04F79EFBC}") = "Del1", "Del1.csproj", "{DFA986D2-2E08-4832-9789-804B25B92F82}"
EndProject
Global
	GlobalSection(SolutionConfigurationPlatforms) = preSolution
		Debug|Any CPU = Debug|Any CPU
		Release|Any CPU = Release|Any CPU
	EndGlobalSection
	GlobalSection(ProjectConfigurationPlatforms) = postSolution
		{DFA986D2-2E08-4832-9789-804B25B92F82}.Debug|Any CPU.ActiveCfg = Debug|Any CPU
		{DFA986D2-2E08-4832-9789-804B25B92F82}.Debug|Any CPU.Build.0 = Debug|Any CPU
		{DFA986D2-2E08-4832-9789-804B25B92F82}.Release|Any CPU.ActiveCfg = Release|Any CPU
		{DFA986D2-2E08-4832-9789-804B25B92F82}.Release|Any CPU.Build.0 = Release|Any CPU
	EndGlobalSection
	GlobalSection(SolutionProperties) = preSolution
		HideSolutionNode = FALSE
	EndGlobalSection
	GlobalSection(ExtensibilityGlobals) = postSolution
		SolutionGuid = {8041AA1C-F634-40DA-824D-ABF1ADF74BA4}
	EndGlobalSection
EndGlobal
